{
  "nodes": {
    "nixpkgs": {
      "locked": {
        "lastModified": 1766902085,
        "narHash": "sha256-coBu0ONtFzlwwVBzmjacUQwj3G+lybcZ1oeNSQkgC0M=",
        "owner": "NixOS",
        "repo": "nixpkgs",
        "rev": "c0b0e0fddf73fd517c3471e546c0df87a42d53f4",
        "type": "github"
      },
      "original": {
        "owner": "NixOS",
        "ref": "nixos-unstable",
        "repo": "nixpkgs",
        "type": "github"
      }
    },
    "root": {
      "inputs": {
        "nixpkgs": "nixpkgs",
        "systems": "systems"
      }
    },
    "systems": {
      "locked": {
        "dir": "systems",
        "lastModified": 1766618680,
        "narHash": "sha256-SOzrilBKiVICcjZtMTHRPcuC4HaUctH2SN6jvtZAyEU=",
        "owner": "xj11400",
        "repo": "flake-lib",
        "rev": "a9c1a3b22b32f1c7246849d085ebd2c2752f1452",
        "type": "github"
      },
      "original": {
        "dir": "systems",
        "owner": "xj11400",
        "repo": "flake-lib",
        "type": "github"
      }
    }
  },
  "root": "root",
  "version": 7
}
